
Microsoft Visual Studio Solution File, Format Version 12.00
# Visual Studio 2013
VisualStudioVersion = 12.0.21005.1
MinimumVisualStudioVersion = 10.0.40219.1
Project("{FAE04EC0-301F-11D3-BF4B-00C04F79EFBC}") = "FactoryPatternDemo", "FactoryPatternDemo\FactoryPatternDemo.csproj", "{F78EDA5C-9D75-42DE-BB4B-B4FCF4FE7FF3}"
EndProject
Project("{FAE04EC0-301F-11D3-BF4B-00C04F79EFBC}") = "AbstractFactoryDemo", "AbstractFactoryDemo\AbstractFactoryDemo.csproj", "{B8938C3F-DB31-41D3-80EB-D6233A0F2C82}"
EndProject
Project("{FAE04EC0-301F-11D3-BF4B-00C04F79EFBC}") = "SingletonPatternDemo", "SingletonPatternDemo\SingletonPatternDemo.csproj", "{1CA872A7-CBE4-4649-938B-A9E82135977E}"
EndProject
Project("{FAE04EC0-301F-11D3-BF4B-00C04F79EFBC}") = "BuilderPatternDemo", "BuilderPatternDemo\BuilderPatternDemo.csproj", "{4D11CBC3-0559-4E23-B699-770485FE5719}"
EndProject
Project("{FAE04EC0-301F-11D3-BF4B-00C04F79EFBC}") = "PrototypePatternDemo", "PrototypeModernDemo\PrototypePatternDemo.csproj", "{53CB3A43-C650-4DAB-A037-06FFCAA57055}"
EndProject
Project("{FAE04EC0-301F-11D3-BF4B-00C04F79EFBC}") = "CloneDemoForPrototype", "CloneDemoForPrototype\CloneDemoForPrototype.csproj", "{E55035E0-D21D-48AA-8DC9-1F14F2069F60}"
EndProject
Project("{FAE04EC0-301F-11D3-BF4B-00C04F79EFBC}") = "AdapterPatternDemo", "AdapterPatternDemo\AdapterPatternDemo.csproj", "{702F789E-070A-45E2-84CB-D821C96DC2B7}"
EndProject
Project("{FAE04EC0-301F-11D3-BF4B-00C04F79EFBC}") = "BridgePatternDemo", "BridgePatternDemo\BridgePatternDemo.csproj", "{5A268E7E-FB04-42E9-9D66-F1CAFC0158D5}"
EndProject
Project("{FAE04EC0-301F-11D3-BF4B-00C04F79EFBC}") = "FilterPatternDemo", "FilterPatternDemo\FilterPatternDemo.csproj", "{3826CD0D-2C20-4857-A5B2-AA1918533310}"
EndProject
Project("{FAE04EC0-301F-11D3-BF4B-00C04F79EFBC}") = "CompositePatternDemo", "CompositePatternDemo\CompositePatternDemo.csproj", "{0F7C13AD-B7DA-4B54-99D0-467E7D4FE516}"
EndProject
Project("{FAE04EC0-301F-11D3-BF4B-00C04F79EFBC}") = "DecoratorPatternDemo", "DecoratorPatternDemo\DecoratorPatternDemo.csproj", "{4B5D459C-64DE-4BB1-B56F-B2A00FA09D91}"
EndProject
Project("{2150E333-8FDC-42A3-9474-1A3956D46DE8}") = "createType", "createType", "{124EB8A3-E834-4734-9397-4871F987EFF8}"
EndProject
Project("{2150E333-8FDC-42A3-9474-1A3956D46DE8}") = "structType", "structType", "{A87C637A-9F04-477E-9EA6-8A55D4D112E9}"
EndProject
Project("{FAE04EC0-301F-11D3-BF4B-00C04F79EFBC}") = "FacadePatternDemo", "FacadePatternDemo\FacadePatternDemo.csproj", "{93A602D4-1F7A-42D9-B453-1B9E434BD257}"
EndProject
Project("{FAE04EC0-301F-11D3-BF4B-00C04F79EFBC}") = "FlyweightPatternDemo", "FlyweightPatternDemo\FlyweightPatternDemo.csproj", "{F93EC91C-6E47-4DA0-A844-CFCE4F8D0A22}"
EndProject
Project("{FAE04EC0-301F-11D3-BF4B-00C04F79EFBC}") = "ProxyPatternDemo", "ProxyPatternDemo\ProxyPatternDemo.csproj", "{B750E62D-7F50-49BD-8524-24C033B42F81}"
EndProject
Project("{FAE04EC0-301F-11D3-BF4B-00C04F79EFBC}") = "ChainOfResponsibilityPatternDemo", "ChainOfResponsibilityPatternDemo\ChainOfResponsibilityPatternDemo.csproj", "{4B37B41A-0558-4011-A2A6-08C6DD6A9F01}"
EndProject
Project("{2150E333-8FDC-42A3-9474-1A3956D46DE8}") = "BehaviorType", "BehaviorType", "{B32CC36D-7740-4451-B66D-6BF9C7900B6E}"
EndProject
Project("{FAE04EC0-301F-11D3-BF4B-00C04F79EFBC}") = "CommandPatternDemo", "CommandPatternDemo\CommandPatternDemo.csproj", "{B9BFBC57-0E04-44A8-8BDE-BE81B582F11C}"
EndProject
Project("{FAE04EC0-301F-11D3-BF4B-00C04F79EFBC}") = "InterpaterPatternDemo", "InterpaterPatternDemo\InterpaterPatternDemo.csproj", "{AA8B1F4F-048E-4678-A8FB-C40371D3264C}"
EndProject
Project("{FAE04EC0-301F-11D3-BF4B-00C04F79EFBC}") = "IteratorPatterDemo", "IteratorPatterDemo\IteratorPatterDemo.csproj", "{8E2C3FA2-42AD-414F-ACFC-B4DFD7E8C38F}"
EndProject
Project("{FAE04EC0-301F-11D3-BF4B-00C04F79EFBC}") = "MediatorPatternDemo", "MediatorPatternDemo\MediatorPatternDemo.csproj", "{1E6F9661-10A1-42E8-8242-B4933301E8F3}"
EndProject
Project("{2150E333-8FDC-42A3-9474-1A3956D46DE8}") = "ASPPatterns", "ASPPatterns", "{90F4E587-9291-4EB5-A2B1-D40BD09E8C7B}"
EndProject
Project("{FAE04EC0-301F-11D3-BF4B-00C04F79EFBC}") = "ASPPatterns.Service", "ASPPatterns.Service\ASPPatterns.Service.csproj", "{540F13E9-7DAA-4058-AE8D-84E8A420AC31}"
EndProject
Project("{FAE04EC0-301F-11D3-BF4B-00C04F79EFBC}") = "MementoPatternDemo", "MementoPatternDemo\MementoPatternDemo.csproj", "{1AE1B834-2C6C-4A78-B5F5-B7189ADFB663}"
EndProject
Project("{FAE04EC0-301F-11D3-BF4B-00C04F79EFBC}") = "ObservePatternDemo", "ObservePatternDemo\ObservePatternDemo.csproj", "{70B66CA3-CA3A-469D-9DA9-C8A6744D8D28}"
EndProject
Project("{FAE04EC0-301F-11D3-BF4B-00C04F79EFBC}") = "StatePatternDemo", "StatePatternDemo\StatePatternDemo.csproj", "{67A30702-DD9D-45C0-846B-F12360E3AC33}"
EndProject
Project("{FAE04EC0-301F-11D3-BF4B-00C04F79EFBC}") = "NullObjectPatternDemo", "NullObjectPatternDemo\NullObjectPatternDemo.csproj", "{F86392BA-22FA-4B7E-92E3-A448E06F6997}"
EndProject
Project("{FAE04EC0-301F-11D3-BF4B-00C04F79EFBC}") = "StrategyPatternDemo", "StrategyPatternDemo\StrategyPatternDemo.csproj", "{0DA80800-9D18-4D87-A192-9786F436E80E}"
EndProject
Project("{FAE04EC0-301F-11D3-BF4B-00C04F79EFBC}") = "TemplatePatternDemo", "TemplatePatternDemo\TemplatePatternDemo.csproj", "{2483A3C7-0EA2-42B4-86C2-842E8F37CF9D}"
EndProject
Project("{FAE04EC0-301F-11D3-BF4B-00C04F79EFBC}") = "VistorPatternDemo", "VistorPatternDemo\VistorPatternDemo.csproj", "{EBD0C20F-76FC-438D-8045-B5DCFFDB2D09}"
EndProject
Project("{FAE04EC0-301F-11D3-BF4B-00C04F79EFBC}") = "MvcPatternDemo", "MvcPatternDemo\MvcPatternDemo.csproj", "{2F956B9E-E9C6-48EF-BCFA-597607304256}"
EndProject
Project("{FAE04EC0-301F-11D3-BF4B-00C04F79EFBC}") = "BusinessDelegatePatternDemo", "BusinessDelegatePatternDemo\BusinessDelegatePatternDemo.csproj", "{D441F79C-E0DA-4FCE-BD96-097F28AEC85D}"
EndProject
Project("{FAE04EC0-301F-11D3-BF4B-00C04F79EFBC}") = "CompositeEntityPatternDemo", "CompositeEntityPatternDemo\CompositeEntityPatternDemo.csproj", "{A87D9F89-D1ED-4A12-BDFB-185D06061C56}"
EndProject
Project("{2150E333-8FDC-42A3-9474-1A3956D46DE8}") = "J2EE", "J2EE", "{53C7C8D6-F7ED-4A94-B80F-BBF482F7B825}"
EndProject
Project("{FAE04EC0-301F-11D3-BF4B-00C04F79EFBC}") = "DataAccessObjectPatternDemo", "DataAccessObjectPatternDemo\DataAccessObjectPatternDemo.csproj", "{EBC10443-B401-44B4-AB35-2FE1CBD4D034}"
EndProject
Project("{FAE04EC0-301F-11D3-BF4B-00C04F79EFBC}") = "FrontContronlPatternDemo", "FrontContronlPatternDemo\FrontContronlPatternDemo.csproj", "{10427BDC-AFA6-49B2-882E-4BAD135B95BA}"
EndProject
Project("{FAE04EC0-301F-11D3-BF4B-00C04F79EFBC}") = "InterceptFilterPatternDemo", "InterceptFilterPatternDemo\InterceptFilterPatternDemo.csproj", "{DF50E4B6-0135-40AD-926E-02E63A49E4CA}"
EndProject
Project("{FAE04EC0-301F-11D3-BF4B-00C04F79EFBC}") = "ServiceLocatorPattern", "ServiceLocatorPattern\ServiceLocatorPattern.csproj", "{AF5A622D-2DE9-48B8-B304-217DE1F35303}"
EndProject
Project("{FAE04EC0-301F-11D3-BF4B-00C04F79EFBC}") = "TransferObjectPatternDemo", "TransferObjectPatternDemo\TransferObjectPatternDemo.csproj", "{C3445547-FE33-4CC8-AE42-3BFCB3C8FC2D}"
EndProject
Project("{2150E333-8FDC-42A3-9474-1A3956D46DE8}") = "OOP", "OOP", "{0B561B32-A783-48B6-9B20-29F1674D5C68}"
EndProject
Project("{FAE04EC0-301F-11D3-BF4B-00C04F79EFBC}") = "OverLoadDemo", "OverLoadDemo\OverLoadDemo.csproj", "{B4387DBF-F75E-4D13-8B8D-A57129D4B958}"
EndProject
Project("{FAE04EC0-301F-11D3-BF4B-00C04F79EFBC}") = "InheriDemo", "InheriDemo\InheriDemo.csproj", "{5DAA2E5C-C47F-4261-8B03-F4A2F3DCA454}"
EndProject
Project("{FAE04EC0-301F-11D3-BF4B-00C04F79EFBC}") = "RunPolyDemo", "RunPolyDemo\RunPolyDemo.csproj", "{B12A3CF6-51B7-49E8-94ED-E9608C29578C}"
EndProject
Project("{FAE04EC0-301F-11D3-BF4B-00C04F79EFBC}") = "InterfaceCallBackDemo", "InterfaceCallBackDemo\InterfaceCallBackDemo.csproj", "{94D4BA48-4854-4B4C-80F5-220164C0139F}"
EndProject
Project("{FAE04EC0-301F-11D3-BF4B-00C04F79EFBC}") = "InternalAccessDemo", "InternalAccessDemo\InternalAccessDemo.csproj", "{17550C61-81A0-4D20-98C9-72A97ECE7B8D}"
EndProject
Project("{FAE04EC0-301F-11D3-BF4B-00C04F79EFBC}") = "AccessModifiersLibrary", "AccessModifiersLibrary\AccessModifiersLibrary.csproj", "{A006083A-1C9C-4E33-B6BA-85C21ACC85EA}"
EndProject
Project("{FAE04EC0-301F-11D3-BF4B-00C04F79EFBC}") = "AttributeDemo", "AttributeDemo\AttributeDemo.csproj", "{7AE81E5E-2316-4F36-82FE-10194DB9C120}"
EndProject
Global
	GlobalSection(SolutionConfigurationPlatforms) = preSolution
		Debug|Any CPU = Debug|Any CPU
		Release|Any CPU = Release|Any CPU
	EndGlobalSection
	GlobalSection(ProjectConfigurationPlatforms) = postSolution
		{F78EDA5C-9D75-42DE-BB4B-B4FCF4FE7FF3}.Debug|Any CPU.ActiveCfg = Debug|Any CPU
		{F78EDA5C-9D75-42DE-BB4B-B4FCF4FE7FF3}.Debug|Any CPU.Build.0 = Debug|Any CPU
		{F78EDA5C-9D75-42DE-BB4B-B4FCF4FE7FF3}.Release|Any CPU.ActiveCfg = Release|Any CPU
		{F78EDA5C-9D75-42DE-BB4B-B4FCF4FE7FF3}.Release|Any CPU.Build.0 = Release|Any CPU
		{B8938C3F-DB31-41D3-80EB-D6233A0F2C82}.Debug|Any CPU.ActiveCfg = Debug|Any CPU
		{B8938C3F-DB31-41D3-80EB-D6233A0F2C82}.Debug|Any CPU.Build.0 = Debug|Any CPU
		{B8938C3F-DB31-41D3-80EB-D6233A0F2C82}.Release|Any CPU.ActiveCfg = Release|Any CPU
		{B8938C3F-DB31-41D3-80EB-D6233A0F2C82}.Release|Any CPU.Build.0 = Release|Any CPU
		{1CA872A7-CBE4-4649-938B-A9E82135977E}.Debug|Any CPU.ActiveCfg = Debug|Any CPU
		{1CA872A7-CBE4-4649-938B-A9E82135977E}.Debug|Any CPU.Build.0 = Debug|Any CPU
		{1CA872A7-CBE4-4649-938B-A9E82135977E}.Release|Any CPU.ActiveCfg = Release|Any CPU
		{1CA872A7-CBE4-4649-938B-A9E82135977E}.Release|Any CPU.Build.0 = Release|Any CPU
		{4D11CBC3-0559-4E23-B699-770485FE5719}.Debug|Any CPU.ActiveCfg = Debug|Any CPU
		{4D11CBC3-0559-4E23-B699-770485FE5719}.Debug|Any CPU.Build.0 = Debug|Any CPU
		{4D11CBC3-0559-4E23-B699-770485FE5719}.Release|Any CPU.ActiveCfg = Release|Any CPU
		{4D11CBC3-0559-4E23-B699-770485FE5719}.Release|Any CPU.Build.0 = Release|Any CPU
		{53CB3A43-C650-4DAB-A037-06FFCAA57055}.Debug|Any CPU.ActiveCfg = Debug|Any CPU
		{53CB3A43-C650-4DAB-A037-06FFCAA57055}.Debug|Any CPU.Build.0 = Debug|Any CPU
		{53CB3A43-C650-4DAB-A037-06FFCAA57055}.Release|Any CPU.ActiveCfg = Release|Any CPU
		{53CB3A43-C650-4DAB-A037-06FFCAA57055}.Release|Any CPU.Build.0 = Release|Any CPU
		{E55035E0-D21D-48AA-8DC9-1F14F2069F60}.Debug|Any CPU.ActiveCfg = Debug|Any CPU
		{E55035E0-D21D-48AA-8DC9-1F14F2069F60}.Debug|Any CPU.Build.0 = Debug|Any CPU
		{E55035E0-D21D-48AA-8DC9-1F14F2069F60}.Release|Any CPU.ActiveCfg = Release|Any CPU
		{E55035E0-D21D-48AA-8DC9-1F14F2069F60}.Release|Any CPU.Build.0 = Release|Any CPU
		{702F789E-070A-45E2-84CB-D821C96DC2B7}.Debug|Any CPU.ActiveCfg = Debug|Any CPU
		{702F789E-070A-45E2-84CB-D821C96DC2B7}.Debug|Any CPU.Build.0 = Debug|Any CPU
		{702F789E-070A-45E2-84CB-D821C96DC2B7}.Release|Any CPU.ActiveCfg = Release|Any CPU
		{702F789E-070A-45E2-84CB-D821C96DC2B7}.Release|Any CPU.Build.0 = Release|Any CPU
		{5A268E7E-FB04-42E9-9D66-F1CAFC0158D5}.Debug|Any CPU.ActiveCfg = Debug|Any CPU
		{5A268E7E-FB04-42E9-9D66-F1CAFC0158D5}.Debug|Any CPU.Build.0 = Debug|Any CPU
		{5A268E7E-FB04-42E9-9D66-F1CAFC0158D5}.Release|Any CPU.ActiveCfg = Release|Any CPU
		{5A268E7E-FB04-42E9-9D66-F1CAFC0158D5}.Release|Any CPU.Build.0 = Release|Any CPU
		{3826CD0D-2C20-4857-A5B2-AA1918533310}.Debug|Any CPU.ActiveCfg = Debug|Any CPU
		{3826CD0D-2C20-4857-A5B2-AA1918533310}.Debug|Any CPU.Build.0 = Debug|Any CPU
		{3826CD0D-2C20-4857-A5B2-AA1918533310}.Release|Any CPU.ActiveCfg = Release|Any CPU
		{3826CD0D-2C20-4857-A5B2-AA1918533310}.Release|Any CPU.Build.0 = Release|Any CPU
		{0F7C13AD-B7DA-4B54-99D0-467E7D4FE516}.Debug|Any CPU.ActiveCfg = Debug|Any CPU
		{0F7C13AD-B7DA-4B54-99D0-467E7D4FE516}.Debug|Any CPU.Build.0 = Debug|Any CPU
		{0F7C13AD-B7DA-4B54-99D0-467E7D4FE516}.Release|Any CPU.ActiveCfg = Release|Any CPU
		{0F7C13AD-B7DA-4B54-99D0-467E7D4FE516}.Release|Any CPU.Build.0 = Release|Any CPU
		{4B5D459C-64DE-4BB1-B56F-B2A00FA09D91}.Debug|Any CPU.ActiveCfg = Debug|Any CPU
		{4B5D459C-64DE-4BB1-B56F-B2A00FA09D91}.Debug|Any CPU.Build.0 = Debug|Any CPU
		{4B5D459C-64DE-4BB1-B56F-B2A00FA09D91}.Release|Any CPU.ActiveCfg = Release|Any CPU
		{4B5D459C-64DE-4BB1-B56F-B2A00FA09D91}.Release|Any CPU.Build.0 = Release|Any CPU
		{93A602D4-1F7A-42D9-B453-1B9E434BD257}.Debug|Any CPU.ActiveCfg = Debug|Any CPU
		{93A602D4-1F7A-42D9-B453-1B9E434BD257}.Debug|Any CPU.Build.0 = Debug|Any CPU
		{93A602D4-1F7A-42D9-B453-1B9E434BD257}.Release|Any CPU.ActiveCfg = Release|Any CPU
		{93A602D4-1F7A-42D9-B453-1B9E434BD257}.Release|Any CPU.Build.0 = Release|Any CPU
		{F93EC91C-6E47-4DA0-A844-CFCE4F8D0A22}.Debug|Any CPU.ActiveCfg = Debug|Any CPU
		{F93EC91C-6E47-4DA0-A844-CFCE4F8D0A22}.Debug|Any CPU.Build.0 = Debug|Any CPU
		{F93EC91C-6E47-4DA0-A844-CFCE4F8D0A22}.Release|Any CPU.ActiveCfg = Release|Any CPU
		{F93EC91C-6E47-4DA0-A844-CFCE4F8D0A22}.Release|Any CPU.Build.0 = Release|Any CPU
		{B750E62D-7F50-49BD-8524-24C033B42F81}.Debug|Any CPU.ActiveCfg = Debug|Any CPU
		{B750E62D-7F50-49BD-8524-24C033B42F81}.Debug|Any CPU.Build.0 = Debug|Any CPU
		{B750E62D-7F50-49BD-8524-24C033B42F81}.Release|Any CPU.ActiveCfg = Release|Any CPU
		{B750E62D-7F50-49BD-8524-24C033B42F81}.Release|Any CPU.Build.0 = Release|Any CPU
		{4B37B41A-0558-4011-A2A6-08C6DD6A9F01}.Debug|Any CPU.ActiveCfg = Debug|Any CPU
		{4B37B41A-0558-4011-A2A6-08C6DD6A9F01}.Debug|Any CPU.Build.0 = Debug|Any CPU
		{4B37B41A-0558-4011-A2A6-08C6DD6A9F01}.Release|Any CPU.ActiveCfg = Release|Any CPU
		{4B37B41A-0558-4011-A2A6-08C6DD6A9F01}.Release|Any CPU.Build.0 = Release|Any CPU
		{B9BFBC57-0E04-44A8-8BDE-BE81B582F11C}.Debug|Any CPU.ActiveCfg = Debug|Any CPU
		{B9BFBC57-0E04-44A8-8BDE-BE81B582F11C}.Debug|Any CPU.Build.0 = Debug|Any CPU
		{B9BFBC57-0E04-44A8-8BDE-BE81B582F11C}.Release|Any CPU.ActiveCfg = Release|Any CPU
		{B9BFBC57-0E04-44A8-8BDE-BE81B582F11C}.Release|Any CPU.Build.0 = Release|Any CPU
		{AA8B1F4F-048E-4678-A8FB-C40371D3264C}.Debug|Any CPU.ActiveCfg = Debug|Any CPU
		{AA8B1F4F-048E-4678-A8FB-C40371D3264C}.Debug|Any CPU.Build.0 = Debug|Any CPU
		{AA8B1F4F-048E-4678-A8FB-C40371D3264C}.Release|Any CPU.ActiveCfg = Release|Any CPU
		{AA8B1F4F-048E-4678-A8FB-C40371D3264C}.Release|Any CPU.Build.0 = Release|Any CPU
		{8E2C3FA2-42AD-414F-ACFC-B4DFD7E8C38F}.Debug|Any CPU.ActiveCfg = Debug|Any CPU
		{8E2C3FA2-42AD-414F-ACFC-B4DFD7E8C38F}.Debug|Any CPU.Build.0 = Debug|Any CPU
		{8E2C3FA2-42AD-414F-ACFC-B4DFD7E8C38F}.Release|Any CPU.ActiveCfg = Release|Any CPU
		{8E2C3FA2-42AD-414F-ACFC-B4DFD7E8C38F}.Release|Any CPU.Build.0 = Release|Any CPU
		{1E6F9661-10A1-42E8-8242-B4933301E8F3}.Debug|Any CPU.ActiveCfg = Debug|Any CPU
		{1E6F9661-10A1-42E8-8242-B4933301E8F3}.Debug|Any CPU.Build.0 = Debug|Any CPU
		{1E6F9661-10A1-42E8-8242-B4933301E8F3}.Release|Any CPU.ActiveCfg = Release|Any CPU
		{1E6F9661-10A1-42E8-8242-B4933301E8F3}.Release|Any CPU.Build.0 = Release|Any CPU
		{540F13E9-7DAA-4058-AE8D-84E8A420AC31}.Debug|Any CPU.ActiveCfg = Debug|Any CPU
		{540F13E9-7DAA-4058-AE8D-84E8A420AC31}.Debug|Any CPU.Build.0 = Debug|Any CPU
		{540F13E9-7DAA-4058-AE8D-84E8A420AC31}.Release|Any CPU.ActiveCfg = Release|Any CPU
		{540F13E9-7DAA-4058-AE8D-84E8A420AC31}.Release|Any CPU.Build.0 = Release|Any CPU
		{1AE1B834-2C6C-4A78-B5F5-B7189ADFB663}.Debug|Any CPU.ActiveCfg = Debug|Any CPU
		{1AE1B834-2C6C-4A78-B5F5-B7189ADFB663}.Debug|Any CPU.Build.0 = Debug|Any CPU
		{1AE1B834-2C6C-4A78-B5F5-B7189ADFB663}.Release|Any CPU.ActiveCfg = Release|Any CPU
		{1AE1B834-2C6C-4A78-B5F5-B7189ADFB663}.Release|Any CPU.Build.0 = Release|Any CPU
		{70B66CA3-CA3A-469D-9DA9-C8A6744D8D28}.Debug|Any CPU.ActiveCfg = Debug|Any CPU
		{70B66CA3-CA3A-469D-9DA9-C8A6744D8D28}.Debug|Any CPU.Build.0 = Debug|Any CPU
		{70B66CA3-CA3A-469D-9DA9-C8A6744D8D28}.Release|Any CPU.ActiveCfg = Release|Any CPU
		{70B66CA3-CA3A-469D-9DA9-C8A6744D8D28}.Release|Any CPU.Build.0 = Release|Any CPU
		{67A30702-DD9D-45C0-846B-F12360E3AC33}.Debug|Any CPU.ActiveCfg = Debug|Any CPU
		{67A30702-DD9D-45C0-846B-F12360E3AC33}.Debug|Any CPU.Build.0 = Debug|Any CPU
		{67A30702-DD9D-45C0-846B-F12360E3AC33}.Release|Any CPU.ActiveCfg = Release|Any CPU
		{67A30702-DD9D-45C0-846B-F12360E3AC33}.Release|Any CPU.Build.0 = Release|Any CPU
		{F86392BA-22FA-4B7E-92E3-A448E06F6997}.Debug|Any CPU.ActiveCfg = Debug|Any CPU
		{F86392BA-22FA-4B7E-92E3-A448E06F6997}.Debug|Any CPU.Build.0 = Debug|Any CPU
		{F86392BA-22FA-4B7E-92E3-A448E06F6997}.Release|Any CPU.ActiveCfg = Release|Any CPU
		{F86392BA-22FA-4B7E-92E3-A448E06F6997}.Release|Any CPU.Build.0 = Release|Any CPU
		{0DA80800-9D18-4D87-A192-9786F436E80E}.Debug|Any CPU.ActiveCfg = Debug|Any CPU
		{0DA80800-9D18-4D87-A192-9786F436E80E}.Debug|Any CPU.Build.0 = Debug|Any CPU
		{0DA80800-9D18-4D87-A192-9786F436E80E}.Release|Any CPU.ActiveCfg = Release|Any CPU
		{0DA80800-9D18-4D87-A192-9786F436E80E}.Release|Any CPU.Build.0 = Release|Any CPU
		{2483A3C7-0EA2-42B4-86C2-842E8F37CF9D}.Debug|Any CPU.ActiveCfg = Debug|Any CPU
		{2483A3C7-0EA2-42B4-86C2-842E8F37CF9D}.Debug|Any CPU.Build.0 = Debug|Any CPU
		{2483A3C7-0EA2-42B4-86C2-842E8F37CF9D}.Release|Any CPU.ActiveCfg = Release|Any CPU
		{2483A3C7-0EA2-42B4-86C2-842E8F37CF9D}.Release|Any CPU.Build.0 = Release|Any CPU
		{EBD0C20F-76FC-438D-8045-B5DCFFDB2D09}.Debug|Any CPU.ActiveCfg = Debug|Any CPU
		{EBD0C20F-76FC-438D-8045-B5DCFFDB2D09}.Debug|Any CPU.Build.0 = Debug|Any CPU
		{EBD0C20F-76FC-438D-8045-B5DCFFDB2D09}.Release|Any CPU.ActiveCfg = Release|Any CPU
		{EBD0C20F-76FC-438D-8045-B5DCFFDB2D09}.Release|Any CPU.Build.0 = Release|Any CPU
		{2F956B9E-E9C6-48EF-BCFA-597607304256}.Debug|Any CPU.ActiveCfg = Debug|Any CPU
		{2F956B9E-E9C6-48EF-BCFA-597607304256}.Debug|Any CPU.Build.0 = Debug|Any CPU
		{2F956B9E-E9C6-48EF-BCFA-597607304256}.Release|Any CPU.ActiveCfg = Release|Any CPU
		{2F956B9E-E9C6-48EF-BCFA-597607304256}.Release|Any CPU.Build.0 = Release|Any CPU
		{D441F79C-E0DA-4FCE-BD96-097F28AEC85D}.Debug|Any CPU.ActiveCfg = Debug|Any CPU
		{D441F79C-E0DA-4FCE-BD96-097F28AEC85D}.Debug|Any CPU.Build.0 = Debug|Any CPU
		{D441F79C-E0DA-4FCE-BD96-097F28AEC85D}.Release|Any CPU.ActiveCfg = Release|Any CPU
		{D441F79C-E0DA-4FCE-BD96-097F28AEC85D}.Release|Any CPU.Build.0 = Release|Any CPU
		{A87D9F89-D1ED-4A12-BDFB-185D06061C56}.Debug|Any CPU.ActiveCfg = Debug|Any CPU
		{A87D9F89-D1ED-4A12-BDFB-185D06061C56}.Debug|Any CPU.Build.0 = Debug|Any CPU
		{A87D9F89-D1ED-4A12-BDFB-185D06061C56}.Release|Any CPU.ActiveCfg = Release|Any CPU
		{A87D9F89-D1ED-4A12-BDFB-185D06061C56}.Release|Any CPU.Build.0 = Release|Any CPU
		{EBC10443-B401-44B4-AB35-2FE1CBD4D034}.Debug|Any CPU.ActiveCfg = Debug|Any CPU
		{EBC10443-B401-44B4-AB35-2FE1CBD4D034}.Debug|Any CPU.Build.0 = Debug|Any CPU
		{EBC10443-B401-44B4-AB35-2FE1CBD4D034}.Release|Any CPU.ActiveCfg = Release|Any CPU
		{EBC10443-B401-44B4-AB35-2FE1CBD4D034}.Release|Any CPU.Build.0 = Release|Any CPU
		{10427BDC-AFA6-49B2-882E-4BAD135B95BA}.Debug|Any CPU.ActiveCfg = Debug|Any CPU
		{10427BDC-AFA6-49B2-882E-4BAD135B95BA}.Debug|Any CPU.Build.0 = Debug|Any CPU
		{10427BDC-AFA6-49B2-882E-4BAD135B95BA}.Release|Any CPU.ActiveCfg = Release|Any CPU
		{10427BDC-AFA6-49B2-882E-4BAD135B95BA}.Release|Any CPU.Build.0 = Release|Any CPU
		{DF50E4B6-0135-40AD-926E-02E63A49E4CA}.Debug|Any CPU.ActiveCfg = Debug|Any CPU
		{DF50E4B6-0135-40AD-926E-02E63A49E4CA}.Debug|Any CPU.Build.0 = Debug|Any CPU
		{DF50E4B6-0135-40AD-926E-02E63A49E4CA}.Release|Any CPU.ActiveCfg = Release|Any CPU
		{DF50E4B6-0135-40AD-926E-02E63A49E4CA}.Release|Any CPU.Build.0 = Release|Any CPU
		{AF5A622D-2DE9-48B8-B304-217DE1F35303}.Debug|Any CPU.ActiveCfg = Debug|Any CPU
		{AF5A622D-2DE9-48B8-B304-217DE1F35303}.Debug|Any CPU.Build.0 = Debug|Any CPU
		{AF5A622D-2DE9-48B8-B304-217DE1F35303}.Release|Any CPU.ActiveCfg = Release|Any CPU
		{AF5A622D-2DE9-48B8-B304-217DE1F35303}.Release|Any CPU.Build.0 = Release|Any CPU
		{C3445547-FE33-4CC8-AE42-3BFCB3C8FC2D}.Debug|Any CPU.ActiveCfg = Debug|Any CPU
		{C3445547-FE33-4CC8-AE42-3BFCB3C8FC2D}.Debug|Any CPU.Build.0 = Debug|Any CPU
		{C3445547-FE33-4CC8-AE42-3BFCB3C8FC2D}.Release|Any CPU.ActiveCfg = Release|Any CPU
		{C3445547-FE33-4CC8-AE42-3BFCB3C8FC2D}.Release|Any CPU.Build.0 = Release|Any CPU
		{B4387DBF-F75E-4D13-8B8D-A57129D4B958}.Debug|Any CPU.ActiveCfg = Debug|Any CPU
		{B4387DBF-F75E-4D13-8B8D-A57129D4B958}.Debug|Any CPU.Build.0 = Debug|Any CPU
		{B4387DBF-F75E-4D13-8B8D-A57129D4B958}.Release|Any CPU.ActiveCfg = Release|Any CPU
		{B4387DBF-F75E-4D13-8B8D-A57129D4B958}.Release|Any CPU.Build.0 = Release|Any CPU
		{5DAA2E5C-C47F-4261-8B03-F4A2F3DCA454}.Debug|Any CPU.ActiveCfg = Debug|Any CPU
		{5DAA2E5C-C47F-4261-8B03-F4A2F3DCA454}.Debug|Any CPU.Build.0 = Debug|Any CPU
		{5DAA2E5C-C47F-4261-8B03-F4A2F3DCA454}.Release|Any CPU.ActiveCfg = Release|Any CPU
		{5DAA2E5C-C47F-4261-8B03-F4A2F3DCA454}.Release|Any CPU.Build.0 = Release|Any CPU
		{B12A3CF6-51B7-49E8-94ED-E9608C29578C}.Debug|Any CPU.ActiveCfg = Debug|Any CPU
		{B12A3CF6-51B7-49E8-94ED-E9608C29578C}.Debug|Any CPU.Build.0 = Debug|Any CPU
		{B12A3CF6-51B7-49E8-94ED-E9608C29578C}.Release|Any CPU.ActiveCfg = Release|Any CPU
		{B12A3CF6-51B7-49E8-94ED-E9608C29578C}.Release|Any CPU.Build.0 = Release|Any CPU
		{94D4BA48-4854-4B4C-80F5-220164C0139F}.Debug|Any CPU.ActiveCfg = Debug|Any CPU
		{94D4BA48-4854-4B4C-80F5-220164C0139F}.Debug|Any CPU.Build.0 = Debug|Any CPU
		{94D4BA48-4854-4B4C-80F5-220164C0139F}.Release|Any CPU.ActiveCfg = Release|Any CPU
		{94D4BA48-4854-4B4C-80F5-220164C0139F}.Release|Any CPU.Build.0 = Release|Any CPU
		{17550C61-81A0-4D20-98C9-72A97ECE7B8D}.Debug|Any CPU.ActiveCfg = Debug|Any CPU
		{17550C61-81A0-4D20-98C9-72A97ECE7B8D}.Debug|Any CPU.Build.0 = Debug|Any CPU
		{17550C61-81A0-4D20-98C9-72A97ECE7B8D}.Release|Any CPU.ActiveCfg = Release|Any CPU
		{17550C61-81A0-4D20-98C9-72A97ECE7B8D}.Release|Any CPU.Build.0 = Release|Any CPU
		{A006083A-1C9C-4E33-B6BA-85C21ACC85EA}.Debug|Any CPU.ActiveCfg = Debug|Any CPU
		{A006083A-1C9C-4E33-B6BA-85C21ACC85EA}.Debug|Any CPU.Build.0 = Debug|Any CPU
		{A006083A-1C9C-4E33-B6BA-85C21ACC85EA}.Release|Any CPU.ActiveCfg = Release|Any CPU
		{A006083A-1C9C-4E33-B6BA-85C21ACC85EA}.Release|Any CPU.Build.0 = Release|Any CPU
		{7AE81E5E-2316-4F36-82FE-10194DB9C120}.Debug|Any CPU.ActiveCfg = Debug|Any CPU
		{7AE81E5E-2316-4F36-82FE-10194DB9C120}.Debug|Any CPU.Build.0 = Debug|Any CPU
		{7AE81E5E-2316-4F36-82FE-10194DB9C120}.Release|Any CPU.ActiveCfg = Release|Any CPU
		{7AE81E5E-2316-4F36-82FE-10194DB9C120}.Release|Any CPU.Build.0 = Release|Any CPU
	EndGlobalSection
	GlobalSection(SolutionProperties) = preSolution
		HideSolutionNode = FALSE
	EndGlobalSection
	GlobalSection(NestedProjects) = preSolution
		{B8938C3F-DB31-41D3-80EB-D6233A0F2C82} = {124EB8A3-E834-4734-9397-4871F987EFF8}
		{1CA872A7-CBE4-4649-938B-A9E82135977E} = {124EB8A3-E834-4734-9397-4871F987EFF8}
		{4D11CBC3-0559-4E23-B699-770485FE5719} = {124EB8A3-E834-4734-9397-4871F987EFF8}
		{53CB3A43-C650-4DAB-A037-06FFCAA57055} = {124EB8A3-E834-4734-9397-4871F987EFF8}
		{E55035E0-D21D-48AA-8DC9-1F14F2069F60} = {124EB8A3-E834-4734-9397-4871F987EFF8}
		{F78EDA5C-9D75-42DE-BB4B-B4FCF4FE7FF3} = {124EB8A3-E834-4734-9397-4871F987EFF8}
		{5A268E7E-FB04-42E9-9D66-F1CAFC0158D5} = {A87C637A-9F04-477E-9EA6-8A55D4D112E9}
		{3826CD0D-2C20-4857-A5B2-AA1918533310} = {A87C637A-9F04-477E-9EA6-8A55D4D112E9}
		{0F7C13AD-B7DA-4B54-99D0-467E7D4FE516} = {A87C637A-9F04-477E-9EA6-8A55D4D112E9}
		{4B5D459C-64DE-4BB1-B56F-B2A00FA09D91} = {A87C637A-9F04-477E-9EA6-8A55D4D112E9}
		{702F789E-070A-45E2-84CB-D821C96DC2B7} = {A87C637A-9F04-477E-9EA6-8A55D4D112E9}
		{93A602D4-1F7A-42D9-B453-1B9E434BD257} = {A87C637A-9F04-477E-9EA6-8A55D4D112E9}
		{F93EC91C-6E47-4DA0-A844-CFCE4F8D0A22} = {A87C637A-9F04-477E-9EA6-8A55D4D112E9}
		{B750E62D-7F50-49BD-8524-24C033B42F81} = {A87C637A-9F04-477E-9EA6-8A55D4D112E9}
		{4B37B41A-0558-4011-A2A6-08C6DD6A9F01} = {B32CC36D-7740-4451-B66D-6BF9C7900B6E}
		{B9BFBC57-0E04-44A8-8BDE-BE81B582F11C} = {B32CC36D-7740-4451-B66D-6BF9C7900B6E}
		{AA8B1F4F-048E-4678-A8FB-C40371D3264C} = {B32CC36D-7740-4451-B66D-6BF9C7900B6E}
		{8E2C3FA2-42AD-414F-ACFC-B4DFD7E8C38F} = {B32CC36D-7740-4451-B66D-6BF9C7900B6E}
		{1E6F9661-10A1-42E8-8242-B4933301E8F3} = {B32CC36D-7740-4451-B66D-6BF9C7900B6E}
		{1AE1B834-2C6C-4A78-B5F5-B7189ADFB663} = {B32CC36D-7740-4451-B66D-6BF9C7900B6E}
		{70B66CA3-CA3A-469D-9DA9-C8A6744D8D28} = {B32CC36D-7740-4451-B66D-6BF9C7900B6E}
		{67A30702-DD9D-45C0-846B-F12360E3AC33} = {B32CC36D-7740-4451-B66D-6BF9C7900B6E}
		{F86392BA-22FA-4B7E-92E3-A448E06F6997} = {B32CC36D-7740-4451-B66D-6BF9C7900B6E}
		{0DA80800-9D18-4D87-A192-9786F436E80E} = {B32CC36D-7740-4451-B66D-6BF9C7900B6E}
		{2483A3C7-0EA2-42B4-86C2-842E8F37CF9D} = {B32CC36D-7740-4451-B66D-6BF9C7900B6E}
		{EBD0C20F-76FC-438D-8045-B5DCFFDB2D09} = {B32CC36D-7740-4451-B66D-6BF9C7900B6E}
		{540F13E9-7DAA-4058-AE8D-84E8A420AC31} = {90F4E587-9291-4EB5-A2B1-D40BD09E8C7B}
		{D441F79C-E0DA-4FCE-BD96-097F28AEC85D} = {53C7C8D6-F7ED-4A94-B80F-BBF482F7B825}
		{A87D9F89-D1ED-4A12-BDFB-185D06061C56} = {53C7C8D6-F7ED-4A94-B80F-BBF482F7B825}
		{2F956B9E-E9C6-48EF-BCFA-597607304256} = {53C7C8D6-F7ED-4A94-B80F-BBF482F7B825}
		{EBC10443-B401-44B4-AB35-2FE1CBD4D034} = {53C7C8D6-F7ED-4A94-B80F-BBF482F7B825}
		{10427BDC-AFA6-49B2-882E-4BAD135B95BA} = {53C7C8D6-F7ED-4A94-B80F-BBF482F7B825}
		{DF50E4B6-0135-40AD-926E-02E63A49E4CA} = {53C7C8D6-F7ED-4A94-B80F-BBF482F7B825}
		{AF5A622D-2DE9-48B8-B304-217DE1F35303} = {53C7C8D6-F7ED-4A94-B80F-BBF482F7B825}
		{C3445547-FE33-4CC8-AE42-3BFCB3C8FC2D} = {53C7C8D6-F7ED-4A94-B80F-BBF482F7B825}
		{B4387DBF-F75E-4D13-8B8D-A57129D4B958} = {0B561B32-A783-48B6-9B20-29F1674D5C68}
		{5DAA2E5C-C47F-4261-8B03-F4A2F3DCA454} = {0B561B32-A783-48B6-9B20-29F1674D5C68}
		{B12A3CF6-51B7-49E8-94ED-E9608C29578C} = {0B561B32-A783-48B6-9B20-29F1674D5C68}
		{94D4BA48-4854-4B4C-80F5-220164C0139F} = {0B561B32-A783-48B6-9B20-29F1674D5C68}
		{17550C61-81A0-4D20-98C9-72A97ECE7B8D} = {0B561B32-A783-48B6-9B20-29F1674D5C68}
		{A006083A-1C9C-4E33-B6BA-85C21ACC85EA} = {0B561B32-A783-48B6-9B20-29F1674D5C68}
		{7AE81E5E-2316-4F36-82FE-10194DB9C120} = {0B561B32-A783-48B6-9B20-29F1674D5C68}
	EndGlobalSection
EndGlobal
